{
  "name": "Deralyte",
  "lockfileVersion": 3,
  "requires": true,
  "packages": {
    "": {
      "dependencies": {
        "iframe-resizer": "^5.5.8"
      }
    },
    "node_modules/@iframe-resizer/child": {
      "version": "5.5.8",
      "resolved": "https://registry.npmjs.org/@iframe-resizer/child/-/child-5.5.8.tgz",
      "integrity": "sha512-MLhknEYM+FvG5aYueLmAI1teCdOyHz2cGIf0XpPAR1pd1Dct3LU/JlIGe2+L/Ry81PVF/u7uohz7eZhv19jYEw==",
      "license": "GPL-3.0",
      "dependencies": {
        "auto-console-group": "1.3.0"
      },
      "funding": {
        "type": "individual",
        "url": "https://iframe-resizer.com/pricing/"
      }
    },
    "node_modules/@iframe-resizer/core": {
      "version": "5.5.8",
      "resolved": "https://registry.npmjs.org/@iframe-resizer/core/-/core-5.5.8.tgz",
      "integrity": "sha512-sdrZjri7PhR+OumTegeuELG7vNP6BmwDliokXxTCMtzzCZQ/fDxGEvFpe407jSoatv2EU/m4FU/4XXV8lfiLxw==",
      "license": "GPL-3.0",
      "dependencies": {
        "auto-console-group": "1.3.0"
      },
      "funding": {
        "type": "individual",
        "url": "https://iframe-resizer.com/pricing/"
      }
    },
    "node_modules/@iframe-resizer/jquery": {
      "version": "5.5.8",
      "resolved": "https://registry.npmjs.org/@iframe-resizer/jquery/-/jquery-5.5.8.tgz",
      "integrity": "sha512-TfoVfEYFlOlxFlzj0OvN3jJIRbpvj+JJXu4if2O+Em6d/Kt+otYnEIh1PlHvisBXWhobBdQs5aU2NoJL8SSvzA==",
      "license": "GPL-3.0",
      "dependencies": {
        "@iframe-resizer/core": "5.5.8"
      },
      "funding": {
        "type": "individual",
        "url": "https://iframe-resizer.com/pricing/"
      }
    },
    "node_modules/@iframe-resizer/parent": {
      "version": "5.5.8",
      "resolved": "https://registry.npmjs.org/@iframe-resizer/parent/-/parent-5.5.8.tgz",
      "integrity": "sha512-IVXO3jugrunaG4OkzHjveM0saGP4a24q9NWYj+sSW42kptZCOBEULxblwRg839FQuxxQMKDLT1UebKiAw0u7ng==",
      "license": "GPL-3.0",
      "dependencies": {
        "@iframe-resizer/core": "5.5.8",
        "auto-console-group": "1.3.0"
      },
      "funding": {
        "type": "individual",
        "url": "https://iframe-resizer.com/pricing/"
      }
    },
    "node_modules/auto-console-group": {
      "version": "1.3.0",
      "resolved": "https://registry.npmjs.org/auto-console-group/-/auto-console-group-1.3.0.tgz",
      "integrity": "sha512-W/G5jy1ZPeVYPyqOVGND7EjbzrsLgRD3s+1QegXfJ7bYlphFxjqG60rviFXWw0d2YCj0Clc7hU5/nTqrBEhBIw==",
      "license": "MIT"
    },
    "node_modules/iframe-resizer": {
      "version": "5.5.8",
      "resolved": "https://registry.npmjs.org/iframe-resizer/-/iframe-resizer-5.5.8.tgz",
      "integrity": "sha512-pUjags3ScZPPmuCN0sUnslL+VRETdioRUVtWkAEiUFlEJX8vkxb1WYKx6EBGvnU6jADES19L7VAOHYbcC+X3RQ==",
      "license": "GPL-3.0",
      "dependencies": {
        "@iframe-resizer/child": "5.5.8",
        "@iframe-resizer/jquery": "5.5.8",
        "@iframe-resizer/parent": "5.5.8"
      },
      "funding": {
        "type": "individual",
        "url": "https://iframe-resizer.com/pricing/"
      }
    }
  }
}
